// !$*UTF8*$!
{
	archiveVersion = 1;
	classes = {
	};
	objectVersion = 77;
	objects = {

/* Begin PBXBuildFile section */
		B24095072CBBE16C00B796F3 /* JWTDecode in Frameworks */ = {isa = PBXBuildFile; productRef = B24095062CBBE16C00B796F3 /* JWTDecode */; };
		B240950A2CBBE2DF00B796F3 /* Auth0 in Frameworks */ = {isa = PBXBuildFile; productRef = B24095092CBBE2DF00B796F3 /* Auth0 */; };
		B240950D2CBBE37400B796F3 /* SimpleKeychain in Frameworks */ = {isa = PBXBuildFile; productRef = B240950C2CBBE37400B796F3 /* SimpleKeychain */; };
		B24095102CBBF0A900B796F3 /* PythonKit in Frameworks */ = {isa = PBXBuildFile; productRef = B240950F2CBBF0A900B796F3 /* PythonKit */; };
		B2E703072CBBDD6D00E8F671 /* FirebaseAnalytics in Frameworks */ = {isa = PBXBuildFile; productRef = B2E703062CBBDD6D00E8F671 /* FirebaseAnalytics */; };
		B2E703092CBBDD6D00E8F671 /* FirebaseCrashlytics in Frameworks */ = {isa = PBXBuildFile; productRef = B2E703082CBBDD6D00E8F671 /* FirebaseCrashlytics */; };
		B2E7030B2CBBDD6D00E8F671 /* FirebaseDatabase in Frameworks */ = {isa = PBXBuildFile; productRef = B2E7030A2CBBDD6D00E8F671 /* FirebaseDatabase */; };
		B2E7030D2CBBDD6D00E8F671 /* FirebaseFirestore in Frameworks */ = {isa = PBXBuildFile; productRef = B2E7030C2CBBDD6D00E8F671 /* FirebaseFirestore */; };
		B2E7030F2CBBDD6D00E8F671 /* FirebaseStorage in Frameworks */ = {isa = PBXBuildFile; productRef = B2E7030E2CBBDD6D00E8F671 /* FirebaseStorage */; };
		B2E718642CBBB19A0038792E /* BitCollections in Frameworks */ = {isa = PBXBuildFile; productRef = B2E718632CBBB19A0038792E /* BitCollections */; };
		B2E718662CBBB19A0038792E /* Collections in Frameworks */ = {isa = PBXBuildFile; productRef = B2E718652CBBB19A0038792E /* Collections */; };
		B2E718682CBBB19A0038792E /* DequeModule in Frameworks */ = {isa = PBXBuildFile; productRef = B2E718672CBBB19A0038792E /* DequeModule */; };
		B2E7186A2CBBB19A0038792E /* HashTreeCollections in Frameworks */ = {isa = PBXBuildFile; productRef = B2E718692CBBB19A0038792E /* HashTreeCollections */; };
		B2E7186C2CBBB19A0038792E /* HeapModule in Frameworks */ = {isa = PBXBuildFile; productRef = B2E7186B2CBBB19A0038792E /* HeapModule */; };
		B2E7186F2CBBB2290038792E /* SwiftUICharts in Frameworks */ = {isa = PBXBuildFile; productRef = B2E7186E2CBBB2290038792E /* SwiftUICharts */; };
		B2E718722CBBB2790038792E /* SwiftUIFontIcon in Frameworks */ = {isa = PBXBuildFile; productRef = B2E718712CBBB2790038792E /* SwiftUIFontIcon */; };
/* End PBXBuildFile section */

/* Begin PBXContainerItemProxy section */
		B242E9CA2CBBA27A00496632 /* PBXContainerItemProxy */ = {
			isa = PBXContainerItemProxy;
			containerPortal = B242E9AE2CBBA27800496632 /* Project object */;
			proxyType = 1;
			remoteGlobalIDString = B242E9B52CBBA27800496632;
			remoteInfo = "Budget Tracker";
		};
		B242E9D42CBBA27A00496632 /* PBXContainerItemProxy */ = {
			isa = PBXContainerItemProxy;
			containerPortal = B242E9AE2CBBA27800496632 /* Project object */;
			proxyType = 1;
			remoteGlobalIDString = B242E9B52CBBA27800496632;
			remoteInfo = "Budget Tracker";
		};
/* End PBXContainerItemProxy section */

/* Begin PBXFileReference section */
		B242E9B62CBBA27800496632 /* Budget Tracker.app */ = {isa = PBXFileReference; explicitFileType = wrapper.application; includeInIndex = 0; path = "Budget Tracker.app"; sourceTree = BUILT_PRODUCTS_DIR; };
		B242E9C92CBBA27A00496632 /* Budget TrackerTests.xctest */ = {isa = PBXFileReference; explicitFileType = wrapper.cfbundle; includeInIndex = 0; path = "Budget TrackerTests.xctest"; sourceTree = BUILT_PRODUCTS_DIR; };
		B242E9D32CBBA27A00496632 /* Budget TrackerUITests.xctest */ = {isa = PBXFileReference; explicitFileType = wrapper.cfbundle; includeInIndex = 0; path = "Budget TrackerUITests.xctest"; sourceTree = BUILT_PRODUCTS_DIR; };
/* End PBXFileReference section */

/* Begin PBXFileSystemSynchronizedRootGroup section */
		B242E9B82CBBA27800496632 /* Budget Tracker */ = {
			isa = PBXFileSystemSynchronizedRootGroup;
			path = "Budget Tracker";
			sourceTree = "<group>";
		};
		B242E9CC2CBBA27A00496632 /* Budget TrackerTests */ = {
			isa = PBXFileSystemSynchronizedRootGroup;
			path = "Budget TrackerTests";
			sourceTree = "<group>";
		};
		B242E9D62CBBA27A00496632 /* Budget TrackerUITests */ = {
			isa = PBXFileSystemSynchronizedRootGroup;
			path = "Budget TrackerUITests";
			sourceTree = "<group>";
		};
/* End PBXFileSystemSynchronizedRootGroup section */

/* Begin PBXFrameworksBuildPhase section */
		B242E9B32CBBA27800496632 /* Frameworks */ = {
			isa = PBXFrameworksBuildPhase;
			buildActionMask = 2147483647;
			files = (
				B2E7030B2CBBDD6D00E8F671 /* FirebaseDatabase in Frameworks */,
				B2E718662CBBB19A0038792E /* Collections in Frameworks */,
				B2E7186C2CBBB19A0038792E /* HeapModule in Frameworks */,
				B24095102CBBF0A900B796F3 /* PythonKit in Frameworks */,
				B2E703072CBBDD6D00E8F671 /* FirebaseAnalytics in Frameworks */,
				B2E718642CBBB19A0038792E /* BitCollections in Frameworks */,
				B240950A2CBBE2DF00B796F3 /* Auth0 in Frameworks */,
				B24095072CBBE16C00B796F3 /* JWTDecode in Frameworks */,
				B2E7030F2CBBDD6D00E8F671 /* FirebaseStorage in Frameworks */,
				B2E7186F2CBBB2290038792E /* SwiftUICharts in Frameworks */,
				B240950D2CBBE37400B796F3 /* SimpleKeychain in Frameworks */,
				B2E7186A2CBBB19A0038792E /* HashTreeCollections in Frameworks */,
				B2E703092CBBDD6D00E8F671 /* FirebaseCrashlytics in Frameworks */,
				B2E718722CBBB2790038792E /* SwiftUIFontIcon in Frameworks */,
				B2E7030D2CBBDD6D00E8F671 /* FirebaseFirestore in Frameworks */,
				B2E718682CBBB19A0038792E /* DequeModule in Frameworks */,
			);
			runOnlyForDeploymentPostprocessing = 0;
		};
		B242E9C62CBBA27A00496632 /* Frameworks */ = {
			isa = PBXFrameworksBuildPhase;
			buildActionMask = 2147483647;
			files = (
			);
			runOnlyForDeploymentPostprocessing = 0;
		};
		B242E9D02CBBA27A00496632 /* Frameworks */ = {
			isa = PBXFrameworksBuildPhase;
			buildActionMask = 2147483647;
			files = (
			);
			runOnlyForDeploymentPostprocessing = 0;
		};
/* End PBXFrameworksBuildPhase section */

/* Begin PBXGroup section */
		B242E9AD2CBBA27800496632 = {
			isa = PBXGroup;
			children = (
				B242E9B82CBBA27800496632 /* Budget Tracker */,
				B242E9CC2CBBA27A00496632 /* Budget TrackerTests */,
				B242E9D62CBBA27A00496632 /* Budget TrackerUITests */,
				B242E9B72CBBA27800496632 /* Products */,
			);
			sourceTree = "<group>";
		};
		B242E9B72CBBA27800496632 /* Products */ = {
			isa = PBXGroup;
			children = (
				B242E9B62CBBA27800496632 /* Budget Tracker.app */,
				B242E9C92CBBA27A00496632 /* Budget TrackerTests.xctest */,
				B242E9D32CBBA27A00496632 /* Budget TrackerUITests.xctest */,
			);
			name = Products;
			sourceTree = "<group>";
		};
/* End PBXGroup section */

/* Begin PBXNativeTarget section */
		B242E9B52CBBA27800496632 /* Budget Tracker */ = {
			isa = PBXNativeTarget;
			buildConfigurationList = B242E9DD2CBBA27A00496632 /* Build configuration list for PBXNativeTarget "Budget Tracker" */;
			buildPhases = (
				B242E9B22CBBA27800496632 /* Sources */,
				B242E9B32CBBA27800496632 /* Frameworks */,
				B242E9B42CBBA27800496632 /* Resources */,
			);
			buildRules = (
			);
			dependencies = (
			);
			fileSystemSynchronizedGroups = (
				B242E9B82CBBA27800496632 /* Budget Tracker */,
			);
			name = "Budget Tracker";
			packageProductDependencies = (
				B2E718632CBBB19A0038792E /* BitCollections */,
				B2E718652CBBB19A0038792E /* Collections */,
				B2E718672CBBB19A0038792E /* DequeModule */,
				B2E718692CBBB19A0038792E /* HashTreeCollections */,
				B2E7186B2CBBB19A0038792E /* HeapModule */,
				B2E7186E2CBBB2290038792E /* SwiftUICharts */,
				B2E718712CBBB2790038792E /* SwiftUIFontIcon */,
				B2E703062CBBDD6D00E8F671 /* FirebaseAnalytics */,
				B2E703082CBBDD6D00E8F671 /* FirebaseCrashlytics */,
				B2E7030A2CBBDD6D00E8F671 /* FirebaseDatabase */,
				B2E7030C2CBBDD6D00E8F671 /* FirebaseFirestore */,
				B2E7030E2CBBDD6D00E8F671 /* FirebaseStorage */,
				B24095062CBBE16C00B796F3 /* JWTDecode */,
				B24095092CBBE2DF00B796F3 /* Auth0 */,
				B240950C2CBBE37400B796F3 /* SimpleKeychain */,
				B240950F2CBBF0A900B796F3 /* PythonKit */,
			);
			productName = "Budget Tracker";
			productReference = B242E9B62CBBA27800496632 /* Budget Tracker.app */;
			productType = "com.apple.product-type.application";
		};
		B242E9C82CBBA27A00496632 /* Budget TrackerTests */ = {
			isa = PBXNativeTarget;
			buildConfigurationList = B242E9E02CBBA27A00496632 /* Build configuration list for PBXNativeTarget "Budget TrackerTests" */;
			buildPhases = (
				B242E9C52CBBA27A00496632 /* Sources */,
				B242E9C62CBBA27A00496632 /* Frameworks */,
				B242E9C72CBBA27A00496632 /* Resources */,
			);
			buildRules = (
			);
			dependencies = (
				B242E9CB2CBBA27A00496632 /* PBXTargetDependency */,
			);
			fileSystemSynchronizedGroups = (
				B242E9CC2CBBA27A00496632 /* Budget TrackerTests */,
			);
			name = "Budget TrackerTests";
			packageProductDependencies = (
			);
			productName = "Budget TrackerTests";
			productReference = B242E9C92CBBA27A00496632 /* Budget TrackerTests.xctest */;
			productType = "com.apple.product-type.bundle.unit-test";
		};
		B242E9D22CBBA27A00496632 /* Budget TrackerUITests */ = {
			isa = PBXNativeTarget;
			buildConfigurationList = B242E9E32CBBA27A00496632 /* Build configuration list for PBXNativeTarget "Budget TrackerUITests" */;
			buildPhases = (
				B242E9CF2CBBA27A00496632 /* Sources */,
				B242E9D02CBBA27A00496632 /* Frameworks */,
				B242E9D12CBBA27A00496632 /* Resources */,
			);
			buildRules = (
			);
			dependencies = (
				B242E9D52CBBA27A00496632 /* PBXTargetDependency */,
			);
			fileSystemSynchronizedGroups = (
				B242E9D62CBBA27A00496632 /* Budget TrackerUITests */,
			);
			name = "Budget TrackerUITests";
			packageProductDependencies = (
			);
			productName = "Budget TrackerUITests";
			productReference = B242E9D32CBBA27A00496632 /* Budget TrackerUITests.xctest */;
			productType = "com.apple.product-type.bundle.ui-testing";
		};
/* End PBXNativeTarget section */

/* Begin PBXProject section */
		B242E9AE2CBBA27800496632 /* Project object */ = {
			isa = PBXProject;
			attributes = {
				BuildIndependentTargetsInParallel = 1;
				LastSwiftUpdateCheck = 1600;
				LastUpgradeCheck = 1600;
				TargetAttributes = {
					B242E9B52CBBA27800496632 = {
						CreatedOnToolsVersion = 16.0;
					};
					B242E9C82CBBA27A00496632 = {
						CreatedOnToolsVersion = 16.0;
						TestTargetID = B242E9B52CBBA27800496632;
					};
					B242E9D22CBBA27A00496632 = {
						CreatedOnToolsVersion = 16.0;
						TestTargetID = B242E9B52CBBA27800496632;
					};
				};
			};
			buildConfigurationList = B242E9B12CBBA27800496632 /* Build configuration list for PBXProject "Budget Tracker" */;
			developmentRegion = en;
			hasScannedForEncodings = 0;
			knownRegions = (
				en,
				Base,
			);
			mainGroup = B242E9AD2CBBA27800496632;
			minimizedProjectReferenceProxies = 1;
			packageReferences = (
				B2E718622CBBB19A0038792E /* XCRemoteSwiftPackageReference "swift-collections" */,
				B2E7186D2CBBB2290038792E /* XCRemoteSwiftPackageReference "ChartView" */,
				B2E718702CBBB2790038792E /* XCRemoteSwiftPackageReference "SwiftUIFontIcon" */,
				B2E703052CBBD6F100E8F671 /* XCRemoteSwiftPackageReference "firebase-ios-sdk" */,
				B24095052CBBE16C00B796F3 /* XCRemoteSwiftPackageReference "JWTDecode" */,
				B24095082CBBE2DF00B796F3 /* XCRemoteSwiftPackageReference "Auth0" */,
				B240950B2CBBE37400B796F3 /* XCRemoteSwiftPackageReference "SimpleKeychain" */,
				B240950E2CBBF0A900B796F3 /* XCRemoteSwiftPackageReference "PythonKit" */,
			);
			preferredProjectObjectVersion = 77;
			productRefGroup = B242E9B72CBBA27800496632 /* Products */;
			projectDirPath = "";
			projectRoot = "";
			targets = (
				B242E9B52CBBA27800496632 /* Budget Tracker */,
				B242E9C82CBBA27A00496632 /* Budget TrackerTests */,
				B242E9D22CBBA27A00496632 /* Budget TrackerUITests */,
			);
		};
/* End PBXProject section */

/* Begin PBXResourcesBuildPhase section */
		B242E9B42CBBA27800496632 /* Resources */ = {
			isa = PBXResourcesBuildPhase;
			buildActionMask = 2147483647;
			files = (
			);
			runOnlyForDeploymentPostprocessing = 0;
		};
		B242E9C72CBBA27A00496632 /* Resources */ = {
			isa = PBXResourcesBuildPhase;
			buildActionMask = 2147483647;
			files = (
			);
			runOnlyForDeploymentPostprocessing = 0;
		};
		B242E9D12CBBA27A00496632 /* Resources */ = {
			isa = PBXResourcesBuildPhase;
			buildActionMask = 2147483647;
			files = (
			);
			runOnlyForDeploymentPostprocessing = 0;
		};
/* End PBXResourcesBuildPhase section */

/* Begin PBXSourcesBuildPhase section */
		B242E9B22CBBA27800496632 /* Sources */ = {
			isa = PBXSourcesBuildPhase;
			buildActionMask = 2147483647;
			files = (
			);
			runOnlyForDeploymentPostprocessing = 0;
		};
		B242E9C52CBBA27A00496632 /* Sources */ = {
			isa = PBXSourcesBuildPhase;
			buildActionMask = 2147483647;
			files = (
			);
			runOnlyForDeploymentPostprocessing = 0;
		};
		B242E9CF2CBBA27A00496632 /* Sources */ = {
			isa = PBXSourcesBuildPhase;
			buildActionMask = 2147483647;
			files = (
			);
			runOnlyForDeploymentPostprocessing = 0;
		};
/* End PBXSourcesBuildPhase section */

/* Begin PBXTargetDependency section */
		B242E9CB2CBBA27A00496632 /* PBXTargetDependency */ = {
			isa = PBXTargetDependency;
			target = B242E9B52CBBA27800496632 /* Budget Tracker */;
			targetProxy = B242E9CA2CBBA27A00496632 /* PBXContainerItemProxy */;
		};
		B242E9D52CBBA27A00496632 /* PBXTargetDependency */ = {
			isa = PBXTargetDependency;
			target = B242E9B52CBBA27800496632 /* Budget Tracker */;
			targetProxy = B242E9D42CBBA27A00496632 /* PBXContainerItemProxy */;
		};
/* End PBXTargetDependency section */

/* Begin XCBuildConfiguration section */
		B242E9DB2CBBA27A00496632 /* Debug */ = {
			isa = XCBuildConfiguration;
			buildSettings = {
				ALWAYS_SEARCH_USER_PATHS = NO;
				ASSETCATALOG_COMPILER_GENERATE_SWIFT_ASSET_SYMBOL_EXTENSIONS = YES;
				CLANG_ANALYZER_NONNULL = YES;
				CLANG_ANALYZER_NUMBER_OBJECT_CONVERSION = YES_AGGRESSIVE;
				CLANG_CXX_LANGUAGE_STANDARD = "gnu++20";
				CLANG_ENABLE_MODULES = YES;
				CLANG_ENABLE_OBJC_ARC = YES;
				CLANG_ENABLE_OBJC_WEAK = YES;
				CLANG_WARN_BLOCK_CAPTURE_AUTORELEASING = YES;
				CLANG_WARN_BOOL_CONVERSION = YES;
				CLANG_WARN_COMMA = YES;
				CLANG_WARN_CONSTANT_CONVERSION = YES;
				CLANG_WARN_DEPRECATED_OBJC_IMPLEMENTATIONS = YES;
				CLANG_WARN_DIRECT_OBJC_ISA_USAGE = YES_ERROR;
				CLANG_WARN_DOCUMENTATION_COMMENTS = YES;
				CLANG_WARN_EMPTY_BODY = YES;
				CLANG_WARN_ENUM_CONVERSION = YES;
				CLANG_WARN_INFINITE_RECURSION = YES;
				CLANG_WARN_INT_CONVERSION = YES;
				CLANG_WARN_NON_LITERAL_NULL_CONVERSION = YES;
				CLANG_WARN_OBJC_IMPLICIT_RETAIN_SELF = YES;
				CLANG_WARN_OBJC_LITERAL_CONVERSION = YES;
				CLANG_WARN_OBJC_ROOT_CLASS = YES_ERROR;
				CLANG_WARN_QUOTED_INCLUDE_IN_FRAMEWORK_HEADER = YES;
				CLANG_WARN_RANGE_LOOP_ANALYSIS = YES;
				CLANG_WARN_STRICT_PROTOTYPES = YES;
				CLANG_WARN_SUSPICIOUS_MOVE = YES;
				CLANG_WARN_UNGUARDED_AVAILABILITY = YES_AGGRESSIVE;
				CLANG_WARN_UNREACHABLE_CODE = YES;
				CLANG_WARN__DUPLICATE_METHOD_MATCH = YES;
				COPY_PHASE_STRIP = NO;
				DEBUG_INFORMATION_FORMAT = dwarf;
				ENABLE_STRICT_OBJC_MSGSEND = YES;
				ENABLE_TESTABILITY = YES;
				ENABLE_USER_SCRIPT_SANDBOXING = YES;
				GCC_C_LANGUAGE_STANDARD = gnu17;
				GCC_DYNAMIC_NO_PIC = NO;
				GCC_NO_COMMON_BLOCKS = YES;
				GCC_OPTIMIZATION_LEVEL = 0;
				GCC_PREPROCESSOR_DEFINITIONS = (
					"DEBUG=1",
					"$(inherited)",
				);
				GCC_WARN_64_TO_32_BIT_CONVERSION = YES;
				GCC_WARN_ABOUT_RETURN_TYPE = YES_ERROR;
				GCC_WARN_UNDECLARED_SELECTOR = YES;
				GCC_WARN_UNINITIALIZED_AUTOS = YES_AGGRESSIVE;
				GCC_WARN_UNUSED_FUNCTION = YES;
				GCC_WARN_UNUSED_VARIABLE = YES;
				LOCALIZATION_PREFERS_STRING_CATALOGS = YES;
				MTL_ENABLE_DEBUG_INFO = INCLUDE_SOURCE;
				MTL_FAST_MATH = YES;
				ONLY_ACTIVE_ARCH = YES;
				SWIFT_ACTIVE_COMPILATION_CONDITIONS = "DEBUG $(inherited)";
				SWIFT_OPTIMIZATION_LEVEL = "-Onone";
			};
			name = Debug;
		};
		B242E9DC2CBBA27A00496632 /* Release */ = {
			isa = XCBuildConfiguration;
			buildSettings = {
				ALWAYS_SEARCH_USER_PATHS = NO;
				ASSETCATALOG_COMPILER_GENERATE_SWIFT_ASSET_SYMBOL_EXTENSIONS = YES;
				CLANG_ANALYZER_NONNULL = YES;
				CLANG_ANALYZER_NUMBER_OBJECT_CONVERSION = YES_AGGRESSIVE;
				CLANG_CXX_LANGUAGE_STANDARD = "gnu++20";
				CLANG_ENABLE_MODULES = YES;
				CLANG_ENABLE_OBJC_ARC = YES;
				CLANG_ENABLE_OBJC_WEAK = YES;
				CLANG_WARN_BLOCK_CAPTURE_AUTORELEASING = YES;
				CLANG_WARN_BOOL_CONVERSION = YES;
				CLANG_WARN_COMMA = YES;
				CLANG_WARN_CONSTANT_CONVERSION = YES;
				CLANG_WARN_DEPRECATED_OBJC_IMPLEMENTATIONS = YES;
				CLANG_WARN_DIRECT_OBJC_ISA_USAGE = YES_ERROR;
				CLANG_WARN_DOCUMENTATION_COMMENTS = YES;
				CLANG_WARN_EMPTY_BODY = YES;
				CLANG_WARN_ENUM_CONVERSION = YES;
				CLANG_WARN_INFINITE_RECURSION = YES;
				CLANG_WARN_INT_CONVERSION = YES;
				CLANG_WARN_NON_LITERAL_NULL_CONVERSION = YES;
				CLANG_WARN_OBJC_IMPLICIT_RETAIN_SELF = YES;
				CLANG_WARN_OBJC_LITERAL_CONVERSION = YES;
				CLANG_WARN_OBJC_ROOT_CLASS = YES_ERROR;
				CLANG_WARN_QUOTED_INCLUDE_IN_FRAMEWORK_HEADER = YES;
				CLANG_WARN_RANGE_LOOP_ANALYSIS = YES;
				CLANG_WARN_STRICT_PROTOTYPES = YES;
				CLANG_WARN_SUSPICIOUS_MOVE = YES;
				CLANG_WARN_UNGUARDED_AVAILABILITY = YES_AGGRESSIVE;
				CLANG_WARN_UNREACHABLE_CODE = YES;
				CLANG_WARN__DUPLICATE_METHOD_MATCH = YES;
				COPY_PHASE_STRIP = NO;
				DEBUG_INFORMATION_FORMAT = "dwarf-with-dsym";
				ENABLE_NS_ASSERTIONS = NO;
				ENABLE_STRICT_OBJC_MSGSEND = YES;
				ENABLE_USER_SCRIPT_SANDBOXING = YES;
				GCC_C_LANGUAGE_STANDARD = gnu17;
				GCC_NO_COMMON_BLOCKS = YES;
				GCC_WARN_64_TO_32_BIT_CONVERSION = YES;
				GCC_WARN_ABOUT_RETURN_TYPE = YES_ERROR;
				GCC_WARN_UNDECLARED_SELECTOR = YES;
				GCC_WARN_UNINITIALIZED_AUTOS = YES_AGGRESSIVE;
				GCC_WARN_UNUSED_FUNCTION = YES;
				GCC_WARN_UNUSED_VARIABLE = YES;
				LOCALIZATION_PREFERS_STRING_CATALOGS = YES;
				MTL_ENABLE_DEBUG_INFO = NO;
				MTL_FAST_MATH = YES;
				SWIFT_COMPILATION_MODE = wholemodule;
			};
			name = Release;
		};
		B242E9DE2CBBA27A00496632 /* Debug */ = {
			isa = XCBuildConfiguration;
			buildSettings = {
				ASSETCATALOG_COMPILER_APPICON_NAME = AppIcon;
				ASSETCATALOG_COMPILER_GLOBAL_ACCENT_COLOR_NAME = AccentColor;
				CODE_SIGN_ENTITLEMENTS = "Budget Tracker/Budget_Tracker.entitlements";
				CODE_SIGN_STYLE = Automatic;
				CURRENT_PROJECT_VERSION = 1;
				DEVELOPMENT_ASSET_PATHS = "\"Budget Tracker/Preview Content\"";
				ENABLE_PREVIEWS = YES;
				GENERATE_INFOPLIST_FILE = YES;
				"INFOPLIST_KEY_UIApplicationSceneManifest_Generation[sdk=iphoneos*]" = YES;
				"INFOPLIST_KEY_UIApplicationSceneManifest_Generation[sdk=iphonesimulator*]" = YES;
				"INFOPLIST_KEY_UIApplicationSupportsIndirectInputEvents[sdk=iphoneos*]" = YES;
				"INFOPLIST_KEY_UIApplicationSupportsIndirectInputEvents[sdk=iphonesimulator*]" = YES;
				"INFOPLIST_KEY_UILaunchScreen_Generation[sdk=iphoneos*]" = YES;
				"INFOPLIST_KEY_UILaunchScreen_Generation[sdk=iphonesimulator*]" = YES;
				"INFOPLIST_KEY_UIStatusBarStyle[sdk=iphoneos*]" = UIStatusBarStyleDefault;
				"INFOPLIST_KEY_UIStatusBarStyle[sdk=iphonesimulator*]" = UIStatusBarStyleDefault;
				INFOPLIST_KEY_UISupportedInterfaceOrientations_iPad = "UIInterfaceOrientationPortrait UIInterfaceOrientationPortraitUpsideDown UIInterfaceOrientationLandscapeLeft UIInterfaceOrientationLandscapeRight";
				INFOPLIST_KEY_UISupportedInterfaceOrientations_iPhone = "UIInterfaceOrientationPortrait UIInterfaceOrientationLandscapeLeft UIInterfaceOrientationLandscapeRight";
				IPHONEOS_DEPLOYMENT_TARGET = 18.0;
				LD_RUNPATH_SEARCH_PATHS = "@executable_path/Frameworks";
				"LD_RUNPATH_SEARCH_PATHS[sdk=macosx*]" = "@executable_path/../Frameworks";
				MACOSX_DEPLOYMENT_TARGET = 14.0;
				MARKETING_VERSION = 1.0;
				PRODUCT_BUNDLE_IDENTIFIER = "missE.Budget-Tracker";
				PRODUCT_NAME = "$(TARGET_NAME)";
				SDKROOT = auto;
				SUPPORTED_PLATFORMS = "iphoneos iphonesimulator macosx xros xrsimulator";
				SWIFT_EMIT_LOC_STRINGS = YES;
				SWIFT_VERSION = 5.0;
				TARGETED_DEVICE_FAMILY = "1,2,7";
				XROS_DEPLOYMENT_TARGET = 2.0;
			};
			name = Debug;
		};
		B242E9DF2CBBA27A00496632 /* Release */ = {
			isa = XCBuildConfiguration;
			buildSettings = {
				ASSETCATALOG_COMPILER_APPICON_NAME = AppIcon;
				ASSETCATALOG_COMPILER_GLOBAL_ACCENT_COLOR_NAME = AccentColor;
				CODE_SIGN_ENTITLEMENTS = "Budget Tracker/Budget_Tracker.entitlements";
				CODE_SIGN_STYLE = Automatic;
				CURRENT_PROJECT_VERSION = 1;
				DEVELOPMENT_ASSET_PATHS = "\"Budget Tracker/Preview Content\"";
				ENABLE_PREVIEWS = YES;
				GENERATE_INFOPLIST_FILE = YES;
				"INFOPLIST_KEY_UIApplicationSceneManifest_Generation[sdk=iphoneos*]" = YES;
				"INFOPLIST_KEY_UIApplicationSceneManifest_Generation[sdk=iphonesimulator*]" = YES;
				"INFOPLIST_KEY_UIApplicationSupportsIndirectInputEvents[sdk=iphoneos*]" = YES;
				"INFOPLIST_KEY_UIApplicationSupportsIndirectInputEvents[sdk=iphonesimulator*]" = YES;
				"INFOPLIST_KEY_UILaunchScreen_Generation[sdk=iphoneos*]" = YES;
				"INFOPLIST_KEY_UILaunchScreen_Generation[sdk=iphonesimulator*]" = YES;
				"INFOPLIST_KEY_UIStatusBarStyle[sdk=iphoneos*]" = UIStatusBarStyleDefault;
				"INFOPLIST_KEY_UIStatusBarStyle[sdk=iphonesimulator*]" = UIStatusBarStyleDefault;
				INFOPLIST_KEY_UISupportedInterfaceOrientations_iPad = "UIInterfaceOrientationPortrait UIInterfaceOrientationPortraitUpsideDown UIInterfaceOrientationLandscapeLeft UIInterfaceOrientationLandscapeRight";
				INFOPLIST_KEY_UISupportedInterfaceOrientations_iPhone = "UIInterfaceOrientationPortrait UIInterfaceOrientationLandscapeLeft UIInterfaceOrientationLandscapeRight";
				IPHONEOS_DEPLOYMENT_TARGET = 18.0;
				LD_RUNPATH_SEARCH_PATHS = "@executable_path/Frameworks";
				"LD_RUNPATH_SEARCH_PATHS[sdk=macosx*]" = "@executable_path/../Frameworks";
				MACOSX_DEPLOYMENT_TARGET = 14.0;
				MARKETING_VERSION = 1.0;
				PRODUCT_BUNDLE_IDENTIFIER = "missE.Budget-Tracker";
				PRODUCT_NAME = "$(TARGET_NAME)";
				SDKROOT = auto;
				SUPPORTED_PLATFORMS = "iphoneos iphonesimulator macosx xros xrsimulator";
				SWIFT_EMIT_LOC_STRINGS = YES;
				SWIFT_VERSION = 5.0;
				TARGETED_DEVICE_FAMILY = "1,2,7";
				XROS_DEPLOYMENT_TARGET = 2.0;
			};
			name = Release;
		};
		B242E9E12CBBA27A00496632 /* Debug */ = {
			isa = XCBuildConfiguration;
			buildSettings = {
				BUNDLE_LOADER = "$(TEST_HOST)";
				CODE_SIGN_STYLE = Automatic;
				CURRENT_PROJECT_VERSION = 1;
				GENERATE_INFOPLIST_FILE = YES;
				IPHONEOS_DEPLOYMENT_TARGET = 18.0;
				MACOSX_DEPLOYMENT_TARGET = 14.5;
				MARKETING_VERSION = 1.0;
				PRODUCT_BUNDLE_IDENTIFIER = "missE.Budget-TrackerTests";
				PRODUCT_NAME = "$(TARGET_NAME)";
				SDKROOT = auto;
				SUPPORTED_PLATFORMS = "iphoneos iphonesimulator macosx xros xrsimulator";
				SWIFT_EMIT_LOC_STRINGS = NO;
				SWIFT_VERSION = 5.0;
				TARGETED_DEVICE_FAMILY = "1,2,7";
				TEST_HOST = "$(BUILT_PRODUCTS_DIR)/Budget Tracker.app/$(BUNDLE_EXECUTABLE_FOLDER_PATH)/Budget Tracker";
				XROS_DEPLOYMENT_TARGET = 2.0;
			};
			name = Debug;
		};
		B242E9E22CBBA27A00496632 /* Release */ = {
			isa = XCBuildConfiguration;
			buildSettings = {
				BUNDLE_LOADER = "$(TEST_HOST)";
				CODE_SIGN_STYLE = Automatic;
				CURRENT_PROJECT_VERSION = 1;
				GENERATE_INFOPLIST_FILE = YES;
				IPHONEOS_DEPLOYMENT_TARGET = 18.0;
				MACOSX_DEPLOYMENT_TARGET = 14.5;
				MARKETING_VERSION = 1.0;
				PRODUCT_BUNDLE_IDENTIFIER = "missE.Budget-TrackerTests";
				PRODUCT_NAME = "$(TARGET_NAME)";
				SDKROOT = auto;
				SUPPORTED_PLATFORMS = "iphoneos iphonesimulator macosx xros xrsimulator";
				SWIFT_EMIT_LOC_STRINGS = NO;
				SWIFT_VERSION = 5.0;
				TARGETED_DEVICE_FAMILY = "1,2,7";
				TEST_HOST = "$(BUILT_PRODUCTS_DIR)/Budget Tracker.app/$(BUNDLE_EXECUTABLE_FOLDER_PATH)/Budget Tracker";
				XROS_DEPLOYMENT_TARGET = 2.0;
			};
			name = Release;
		};
		B242E9E42CBBA27A00496632 /* Debug */ = {
			isa = XCBuildConfiguration;
			buildSettings = {
				CODE_SIGN_STYLE = Automatic;
				CURRENT_PROJECT_VERSION = 1;
				GENERATE_INFOPLIST_FILE = YES;
				IPHONEOS_DEPLOYMENT_TARGET = 18.0;
				MACOSX_DEPLOYMENT_TARGET = 14.5;
				MARKETING_VERSION = 1.0;
				PRODUCT_BUNDLE_IDENTIFIER = "missE.Budget-TrackerUITests";
				PRODUCT_NAME = "$(TARGET_NAME)";
				SDKROOT = auto;
				SUPPORTED_PLATFORMS = "iphoneos iphonesimulator macosx xros xrsimulator";
				SWIFT_EMIT_LOC_STRINGS = NO;
				SWIFT_VERSION = 5.0;
				TARGETED_DEVICE_FAMILY = "1,2,7";
				TEST_TARGET_NAME = "Budget Tracker";
				XROS_DEPLOYMENT_TARGET = 2.0;
			};
			name = Debug;
		};
		B242E9E52CBBA27A00496632 /* Release */ = {
			isa = XCBuildConfiguration;
			buildSettings = {
				CODE_SIGN_STYLE = Automatic;
				CURRENT_PROJECT_VERSION = 1;
				GENERATE_INFOPLIST_FILE = YES;
				IPHONEOS_DEPLOYMENT_TARGET = 18.0;
				MACOSX_DEPLOYMENT_TARGET = 14.5;
				MARKETING_VERSION = 1.0;
				PRODUCT_BUNDLE_IDENTIFIER = "missE.Budget-TrackerUITests";
				PRODUCT_NAME = "$(TARGET_NAME)";
				SDKROOT = auto;
				SUPPORTED_PLATFORMS = "iphoneos iphonesimulator macosx xros xrsimulator";
				SWIFT_EMIT_LOC_STRINGS = NO;
				SWIFT_VERSION = 5.0;
				TARGETED_DEVICE_FAMILY = "1,2,7";
				TEST_TARGET_NAME = "Budget Tracker";
				XROS_DEPLOYMENT_TARGET = 2.0;
			};
			name = Release;
		};
/* End XCBuildConfiguration section */

/* Begin XCConfigurationList section */
		B242E9B12CBBA27800496632 /* Build configuration list for PBXProject "Budget Tracker" */ = {
			isa = XCConfigurationList;
			buildConfigurations = (
				B242E9DB2CBBA27A00496632 /* Debug */,
				B242E9DC2CBBA27A00496632 /* Release */,
			);
			defaultConfigurationIsVisible = 0;
			defaultConfigurationName = Release;
		};
		B242E9DD2CBBA27A00496632 /* Build configuration list for PBXNativeTarget "Budget Tracker" */ = {
			isa = XCConfigurationList;
			buildConfigurations = (
				B242E9DE2CBBA27A00496632 /* Debug */,
				B242E9DF2CBBA27A00496632 /* Release */,
			);
			defaultConfigurationIsVisible = 0;
			defaultConfigurationName = Release;
		};
		B242E9E02CBBA27A00496632 /* Build configuration list for PBXNativeTarget "Budget TrackerTests" */ = {
			isa = XCConfigurationList;
			buildConfigurations = (
				B242E9E12CBBA27A00496632 /* Debug */,
				B242E9E22CBBA27A00496632 /* Release */,
			);
			defaultConfigurationIsVisible = 0;
			defaultConfigurationName = Release;
		};
		B242E9E32CBBA27A00496632 /* Build configuration list for PBXNativeTarget "Budget TrackerUITests" */ = {
			isa = XCConfigurationList;
			buildConfigurations = (
				B242E9E42CBBA27A00496632 /* Debug */,
				B242E9E52CBBA27A00496632 /* Release */,
			);
			defaultConfigurationIsVisible = 0;
			defaultConfigurationName = Release;
		};
/* End XCConfigurationList section */

/* Begin XCRemoteSwiftPackageReference section */
		B24095052CBBE16C00B796F3 /* XCRemoteSwiftPackageReference "JWTDecode" */ = {
			isa = XCRemoteSwiftPackageReference;
			repositoryURL = "https://github.com/auth0/JWTDecode.swift";
			requirement = {
				kind = upToNextMajorVersion;
				minimumVersion = 3.2.0;
			};
		};
		B24095082CBBE2DF00B796F3 /* XCRemoteSwiftPackageReference "Auth0" */ = {
			isa = XCRemoteSwiftPackageReference;
			repositoryURL = "https://github.com/auth0/Auth0.swift";
			requirement = {
				kind = upToNextMajorVersion;
				minimumVersion = 2.9.0;
			};
		};
		B240950B2CBBE37400B796F3 /* XCRemoteSwiftPackageReference "SimpleKeychain" */ = {
			isa = XCRemoteSwiftPackageReference;
			repositoryURL = "https://github.com/auth0/SimpleKeychain";
			requirement = {
				kind = upToNextMajorVersion;
				minimumVersion = 1.2.0;
			};
		};
		B240950E2CBBF0A900B796F3 /* XCRemoteSwiftPackageReference "PythonKit" */ = {
			isa = XCRemoteSwiftPackageReference;
			repositoryURL = "https://github.com/pvieito/PythonKit.git";
			requirement = {
				branch = master;
				kind = branch;
			};
		};
		B2E703052CBBD6F100E8F671 /* XCRemoteSwiftPackageReference "firebase-ios-sdk" */ = {
			isa = XCRemoteSwiftPackageReference;
			repositoryURL = "https://github.com/firebase/firebase-ios-sdk";
			requirement = {
				kind = upToNextMajorVersion;
				minimumVersion = 11.3.0;
			};
		};
		B2E718622CBBB19A0038792E /* XCRemoteSwiftPackageReference "swift-collections" */ = {
			isa = XCRemoteSwiftPackageReference;
			repositoryURL = "https://github.com/apple/swift-collections.git";
			requirement = {
				kind = upToNextMajorVersion;
				minimumVersion = 1.1.4;
			};
		};
		B2E7186D2CBBB2290038792E /* XCRemoteSwiftPackageReference "ChartView" */ = {
			isa = XCRemoteSwiftPackageReference;
			repositoryURL = "https://github.com/AppPear/ChartView";
			requirement = {
				kind = exactVersion;
				version = "2.0.0-beta.2";
			};
		};
		B2E718702CBBB2790038792E /* XCRemoteSwiftPackageReference "SwiftUIFontIcon" */ = {
			isa = XCRemoteSwiftPackageReference;
			repositoryURL = "https://github.com/huybuidac/SwiftUIFontIcon";
			requirement = {
				kind = upToNextMajorVersion;
				minimumVersion = 2.1.0;
			};
		};
/* End XCRemoteSwiftPackageReference section */

/* Begin XCSwiftPackageProductDependency section */
		B24095062CBBE16C00B796F3 /* JWTDecode */ = {
			isa = XCSwiftPackageProductDependency;
			package = B24095052CBBE16C00B796F3 /* XCRemoteSwiftPackageReference "JWTDecode" */;
			productName = JWTDecode;
		};
		B24095092CBBE2DF00B796F3 /* Auth0 */ = {
			isa = XCSwiftPackageProductDependency;
			package = B24095082CBBE2DF00B796F3 /* XCRemoteSwiftPackageReference "Auth0" */;
			productName = Auth0;
		};
		B240950C2CBBE37400B796F3 /* SimpleKeychain */ = {
			isa = XCSwiftPackageProductDependency;
			package = B240950B2CBBE37400B796F3 /* XCRemoteSwiftPackageReference "SimpleKeychain" */;
			productName = SimpleKeychain;
		};
		B240950F2CBBF0A900B796F3 /* PythonKit */ = {
			isa = XCSwiftPackageProductDependency;
			package = B240950E2CBBF0A900B796F3 /* XCRemoteSwiftPackageReference "PythonKit" */;
			productName = PythonKit;
		};
		B2E703062CBBDD6D00E8F671 /* FirebaseAnalytics */ = {
			isa = XCSwiftPackageProductDependency;
			package = B2E703052CBBD6F100E8F671 /* XCRemoteSwiftPackageReference "firebase-ios-sdk" */;
			productName = FirebaseAnalytics;
		};
		B2E703082CBBDD6D00E8F671 /* FirebaseCrashlytics */ = {
			isa = XCSwiftPackageProductDependency;
			package = B2E703052CBBD6F100E8F671 /* XCRemoteSwiftPackageReference "firebase-ios-sdk" */;
			productName = FirebaseCrashlytics;
		};
		B2E7030A2CBBDD6D00E8F671 /* FirebaseDatabase */ = {
			isa = XCSwiftPackageProductDependency;
			package = B2E703052CBBD6F100E8F671 /* XCRemoteSwiftPackageReference "firebase-ios-sdk" */;
			productName = FirebaseDatabase;
		};
		B2E7030C2CBBDD6D00E8F671 /* FirebaseFirestore */ = {
			isa = XCSwiftPackageProductDependency;
			package = B2E703052CBBD6F100E8F671 /* XCRemoteSwiftPackageReference "firebase-ios-sdk" */;
			productName = FirebaseFirestore;
		};
		B2E7030E2CBBDD6D00E8F671 /* FirebaseStorage */ = {
			isa = XCSwiftPackageProductDependency;
			package = B2E703052CBBD6F100E8F671 /* XCRemoteSwiftPackageReference "firebase-ios-sdk" */;
			productName = FirebaseStorage;
		};
		B2E718632CBBB19A0038792E /* BitCollections */ = {
			isa = XCSwiftPackageProductDependency;
			package = B2E718622CBBB19A0038792E /* XCRemoteSwiftPackageReference "swift-collections" */;
			productName = BitCollections;
		};
		B2E718652CBBB19A0038792E /* Collections */ = {
			isa = XCSwiftPackageProductDependency;
			package = B2E718622CBBB19A0038792E /* XCRemoteSwiftPackageReference "swift-collections" */;
			productName = Collections;
		};
		B2E718672CBBB19A0038792E /* DequeModule */ = {
			isa = XCSwiftPackageProductDependency;
			package = B2E718622CBBB19A0038792E /* XCRemoteSwiftPackageReference "swift-collections" */;
			productName = DequeModule;
		};
		B2E718692CBBB19A0038792E /* HashTreeCollections */ = {
			isa = XCSwiftPackageProductDependency;
			package = B2E718622CBBB19A0038792E /* XCRemoteSwiftPackageReference "swift-collections" */;
			productName = HashTreeCollections;
		};
		B2E7186B2CBBB19A0038792E /* HeapModule */ = {
			isa = XCSwiftPackageProductDependency;
			package = B2E718622CBBB19A0038792E /* XCRemoteSwiftPackageReference "swift-collections" */;
			productName = HeapModule;
		};
		B2E7186E2CBBB2290038792E /* SwiftUICharts */ = {
			isa = XCSwiftPackageProductDependency;
			package = B2E7186D2CBBB2290038792E /* XCRemoteSwiftPackageReference "ChartView" */;
			productName = SwiftUICharts;
		};
		B2E718712CBBB2790038792E /* SwiftUIFontIcon */ = {
			isa = XCSwiftPackageProductDependency;
			package = B2E718702CBBB2790038792E /* XCRemoteSwiftPackageReference "SwiftUIFontIcon" */;
			productName = SwiftUIFontIcon;
		};
/* End XCSwiftPackageProductDependency section */
	};
	rootObject = B242E9AE2CBBA27800496632 /* Project object */;
}
